// !$*UTF8*$!
{
	archiveVersion = 1;
	classes = {
	};
	objectVersion = 51;
	objects = {

/* Begin PBXBuildFile section */
		0BE43DF4971D2AD91E33772A /* Pods_TaxiNotes_TaxiNotesUITests.framework in Frameworks */ = {isa = PBXBuildFile; fileRef = 42AA8069638142A572953C2A /* Pods_TaxiNotes_TaxiNotesUITests.framework */; };
		9254046E236F5A8A00E183E3 /* RashodViewCell.swift in Sources */ = {isa = PBXBuildFile; fileRef = 9254046D236F5A8A00E183E3 /* RashodViewCell.swift */; };
		925C712F236F4C3600D82923 /* RashodViewController.swift in Sources */ = {isa = PBXBuildFile; fileRef = 925C712E236F4C3600D82923 /* RashodViewController.swift */; };
		925C7131236F4C6C00D82923 /* ReportViewController.swift in Sources */ = {isa = PBXBuildFile; fileRef = 925C7130236F4C6C00D82923 /* ReportViewController.swift */; };
		925C7133236F4D4800D82923 /* SettingsViewController.swift in Sources */ = {isa = PBXBuildFile; fileRef = 925C7132236F4D4800D82923 /* SettingsViewController.swift */; };
		9262FDCE2367FC85008D5D40 /* StorageManager.swift in Sources */ = {isa = PBXBuildFile; fileRef = 9262FDCD2367FC85008D5D40 /* StorageManager.swift */; };
		9262FDD023681E26008D5D40 /* SceneDelegate.swift in Sources */ = {isa = PBXBuildFile; fileRef = 9262FDCF23681E26008D5D40 /* SceneDelegate.swift */; };
		927CBB6F2366FCE400305F76 /* AppDelegate.swift in Sources */ = {isa = PBXBuildFile; fileRef = 927CBB6E2366FCE400305F76 /* AppDelegate.swift */; };
		927CBB762366FCE400305F76 /* Main.storyboard in Resources */ = {isa = PBXBuildFile; fileRef = 927CBB742366FCE400305F76 /* Main.storyboard */; };
		927CBB782366FCE600305F76 /* Assets.xcassets in Resources */ = {isa = PBXBuildFile; fileRef = 927CBB772366FCE600305F76 /* Assets.xcassets */; };
		927CBB7B2366FCE600305F76 /* LaunchScreen.storyboard in Resources */ = {isa = PBXBuildFile; fileRef = 927CBB792366FCE600305F76 /* LaunchScreen.storyboard */; };
		927CBB862366FCE700305F76 /* TaxiNotesTests.swift in Sources */ = {isa = PBXBuildFile; fileRef = 927CBB852366FCE700305F76 /* TaxiNotesTests.swift */; };
		927CBB912366FCE700305F76 /* TaxiNotesUITests.swift in Sources */ = {isa = PBXBuildFile; fileRef = 927CBB902366FCE700305F76 /* TaxiNotesUITests.swift */; };
		927CBB9F2366FD4300305F76 /* AccountCollectionController.swift in Sources */ = {isa = PBXBuildFile; fileRef = 927CBB9E2366FD4300305F76 /* AccountCollectionController.swift */; };
		927CBBA12366FD8B00305F76 /* AccountCollectionCell.swift in Sources */ = {isa = PBXBuildFile; fileRef = 927CBBA02366FD8B00305F76 /* AccountCollectionCell.swift */; };
		927CBBE123670C8B00305F76 /* MainViewController.swift in Sources */ = {isa = PBXBuildFile; fileRef = 927CBBE023670C8B00305F76 /* MainViewController.swift */; };
		927CBBE323670CF000305F76 /* GlobalVariables.swift in Sources */ = {isa = PBXBuildFile; fileRef = 927CBBE223670CF000305F76 /* GlobalVariables.swift */; };
		92AF0963236D7FE0003B99D8 /* SmenaViewController.swift in Sources */ = {isa = PBXBuildFile; fileRef = 92AF0962236D7FE0003B99D8 /* SmenaViewController.swift */; };
		92B9E22E2367F92700F4462F /* DBModel.swift in Sources */ = {isa = PBXBuildFile; fileRef = 92B9E22D2367F92700F4462F /* DBModel.swift */; };
		A2F3B6C023D17F2583D84464 /* Pods_TaxiNotesTests.framework in Frameworks */ = {isa = PBXBuildFile; fileRef = 7E470828B95B0667D7764E6F /* Pods_TaxiNotesTests.framework */; };
		FF24DAAC85856C06DE029BB6 /* Pods_TaxiNotes.framework in Frameworks */ = {isa = PBXBuildFile; fileRef = 16F745238F968AC5EC76E35D /* Pods_TaxiNotes.framework */; };
/* End PBXBuildFile section */

/* Begin PBXContainerItemProxy section */
		927CBB822366FCE700305F76 /* PBXContainerItemProxy */ = {
			isa = PBXContainerItemProxy;
			containerPortal = 927CBB632366FCE400305F76 /* Project object */;
			proxyType = 1;
			remoteGlobalIDString = 927CBB6A2366FCE400305F76;
			remoteInfo = TaxiNotes;
		};
		927CBB8D2366FCE700305F76 /* PBXContainerItemProxy */ = {
			isa = PBXContainerItemProxy;
			containerPortal = 927CBB632366FCE400305F76 /* Project object */;
			proxyType = 1;
			remoteGlobalIDString = 927CBB6A2366FCE400305F76;
			remoteInfo = TaxiNotes;
		};
/* End PBXContainerItemProxy section */

/* Begin PBXFileReference section */
		16F745238F968AC5EC76E35D /* Pods_TaxiNotes.framework */ = {isa = PBXFileReference; explicitFileType = wrapper.framework; includeInIndex = 0; path = Pods_TaxiNotes.framework; sourceTree = BUILT_PRODUCTS_DIR; };
		3888379496BB5FC53FB9D4CB /* Pods-TaxiNotesTests.debug.xcconfig */ = {isa = PBXFileReference; includeInIndex = 1; lastKnownFileType = text.xcconfig; name = "Pods-TaxiNotesTests.debug.xcconfig"; path = "Target Support Files/Pods-TaxiNotesTests/Pods-TaxiNotesTests.debug.xcconfig"; sourceTree = "<group>"; };
		3BE2B2DF7E90764F1D331A6F /* Pods-TaxiNotes.debug.xcconfig */ = {isa = PBXFileReference; includeInIndex = 1; lastKnownFileType = text.xcconfig; name = "Pods-TaxiNotes.debug.xcconfig"; path = "Target Support Files/Pods-TaxiNotes/Pods-TaxiNotes.debug.xcconfig"; sourceTree = "<group>"; };
		425C882008222B3E41E47CE3 /* Pods-TaxiNotesTests.release.xcconfig */ = {isa = PBXFileReference; includeInIndex = 1; lastKnownFileType = text.xcconfig; name = "Pods-TaxiNotesTests.release.xcconfig"; path = "Target Support Files/Pods-TaxiNotesTests/Pods-TaxiNotesTests.release.xcconfig"; sourceTree = "<group>"; };
		42AA8069638142A572953C2A /* Pods_TaxiNotes_TaxiNotesUITests.framework */ = {isa = PBXFileReference; explicitFileType = wrapper.framework; includeInIndex = 0; path = Pods_TaxiNotes_TaxiNotesUITests.framework; sourceTree = BUILT_PRODUCTS_DIR; };
		64530FCBA477165C5683930B /* Pods-TaxiNotes-TaxiNotesUITests.debug.xcconfig */ = {isa = PBXFileReference; includeInIndex = 1; lastKnownFileType = text.xcconfig; name = "Pods-TaxiNotes-TaxiNotesUITests.debug.xcconfig"; path = "Target Support Files/Pods-TaxiNotes-TaxiNotesUITests/Pods-TaxiNotes-TaxiNotesUITests.debug.xcconfig"; sourceTree = "<group>"; };
		7E470828B95B0667D7764E6F /* Pods_TaxiNotesTests.framework */ = {isa = PBXFileReference; explicitFileType = wrapper.framework; includeInIndex = 0; path = Pods_TaxiNotesTests.framework; sourceTree = BUILT_PRODUCTS_DIR; };
		876A7AF13DE23BC1501EDC9E /* Pods-TaxiNotes.release.xcconfig */ = {isa = PBXFileReference; includeInIndex = 1; lastKnownFileType = text.xcconfig; name = "Pods-TaxiNotes.release.xcconfig"; path = "Target Support Files/Pods-TaxiNotes/Pods-TaxiNotes.release.xcconfig"; sourceTree = "<group>"; };
		9254046D236F5A8A00E183E3 /* RashodViewCell.swift */ = {isa = PBXFileReference; lastKnownFileType = sourcecode.swift; path = RashodViewCell.swift; sourceTree = "<group>"; };
		925C712E236F4C3600D82923 /* RashodViewController.swift */ = {isa = PBXFileReference; lastKnownFileType = sourcecode.swift; path = RashodViewController.swift; sourceTree = "<group>"; };
		925C7130236F4C6C00D82923 /* ReportViewController.swift */ = {isa = PBXFileReference; lastKnownFileType = sourcecode.swift; path = ReportViewController.swift; sourceTree = "<group>"; };
		925C7132236F4D4800D82923 /* SettingsViewController.swift */ = {isa = PBXFileReference; lastKnownFileType = sourcecode.swift; path = SettingsViewController.swift; sourceTree = "<group>"; };
		9262FDCD2367FC85008D5D40 /* StorageManager.swift */ = {isa = PBXFileReference; lastKnownFileType = sourcecode.swift; path = StorageManager.swift; sourceTree = "<group>"; };
		9262FDCF23681E26008D5D40 /* SceneDelegate.swift */ = {isa = PBXFileReference; lastKnownFileType = sourcecode.swift; name = SceneDelegate.swift; path = /Users/denis/Projects_iOS/TaxiNotes/TaxiNotes/SceneDelegate.swift; sourceTree = "<absolute>"; };
		927CBB6B2366FCE400305F76 /* TaxiNotes.app */ = {isa = PBXFileReference; explicitFileType = wrapper.application; includeInIndex = 0; path = TaxiNotes.app; sourceTree = BUILT_PRODUCTS_DIR; };
		927CBB6E2366FCE400305F76 /* AppDelegate.swift */ = {isa = PBXFileReference; lastKnownFileType = sourcecode.swift; path = AppDelegate.swift; sourceTree = "<group>"; };
		927CBB752366FCE400305F76 /* Base */ = {isa = PBXFileReference; lastKnownFileType = file.storyboard; name = Base; path = Base.lproj/Main.storyboard; sourceTree = "<group>"; };
		927CBB772366FCE600305F76 /* Assets.xcassets */ = {isa = PBXFileReference; lastKnownFileType = folder.assetcatalog; path = Assets.xcassets; sourceTree = "<group>"; };
		927CBB7A2366FCE600305F76 /* Base */ = {isa = PBXFileReference; lastKnownFileType = file.storyboard; name = Base; path = Base.lproj/LaunchScreen.storyboard; sourceTree = "<group>"; };
		927CBB7C2366FCE600305F76 /* Info.plist */ = {isa = PBXFileReference; lastKnownFileType = text.plist.xml; path = Info.plist; sourceTree = "<group>"; };
		927CBB812366FCE700305F76 /* TaxiNotesTests.xctest */ = {isa = PBXFileReference; explicitFileType = wrapper.cfbundle; includeInIndex = 0; path = TaxiNotesTests.xctest; sourceTree = BUILT_PRODUCTS_DIR; };
		927CBB852366FCE700305F76 /* TaxiNotesTests.swift */ = {isa = PBXFileReference; lastKnownFileType = sourcecode.swift; path = TaxiNotesTests.swift; sourceTree = "<group>"; };
		927CBB872366FCE700305F76 /* Info.plist */ = {isa = PBXFileReference; lastKnownFileType = text.plist.xml; path = Info.plist; sourceTree = "<group>"; };
		927CBB8C2366FCE700305F76 /* TaxiNotesUITests.xctest */ = {isa = PBXFileReference; explicitFileType = wrapper.cfbundle; includeInIndex = 0; path = TaxiNotesUITests.xctest; sourceTree = BUILT_PRODUCTS_DIR; };
		927CBB902366FCE700305F76 /* TaxiNotesUITests.swift */ = {isa = PBXFileReference; lastKnownFileType = sourcecode.swift; path = TaxiNotesUITests.swift; sourceTree = "<group>"; };
		927CBB922366FCE700305F76 /* Info.plist */ = {isa = PBXFileReference; lastKnownFileType = text.plist.xml; path = Info.plist; sourceTree = "<group>"; };
		927CBB9E2366FD4300305F76 /* AccountCollectionController.swift */ = {isa = PBXFileReference; lastKnownFileType = sourcecode.swift; path = AccountCollectionController.swift; sourceTree = "<group>"; };
		927CBBA02366FD8B00305F76 /* AccountCollectionCell.swift */ = {isa = PBXFileReference; lastKnownFileType = sourcecode.swift; path = AccountCollectionCell.swift; sourceTree = "<group>"; };
		927CBBE023670C8B00305F76 /* MainViewController.swift */ = {isa = PBXFileReference; lastKnownFileType = sourcecode.swift; path = MainViewController.swift; sourceTree = "<group>"; };
		927CBBE223670CF000305F76 /* GlobalVariables.swift */ = {isa = PBXFileReference; lastKnownFileType = sourcecode.swift; path = GlobalVariables.swift; sourceTree = "<group>"; };
		92AF0962236D7FE0003B99D8 /* SmenaViewController.swift */ = {isa = PBXFileReference; lastKnownFileType = sourcecode.swift; path = SmenaViewController.swift; sourceTree = "<group>"; };
		92B9E22D2367F92700F4462F /* DBModel.swift */ = {isa = PBXFileReference; lastKnownFileType = sourcecode.swift; path = DBModel.swift; sourceTree = "<group>"; };
		C30B6677E28FDAC5F9BEF1EA /* Pods-TaxiNotes-TaxiNotesUITests.release.xcconfig */ = {isa = PBXFileReference; includeInIndex = 1; lastKnownFileType = text.xcconfig; name = "Pods-TaxiNotes-TaxiNotesUITests.release.xcconfig"; path = "Target Support Files/Pods-TaxiNotes-TaxiNotesUITests/Pods-TaxiNotes-TaxiNotesUITests.release.xcconfig"; sourceTree = "<group>"; };
/* End PBXFileReference section */

/* Begin PBXFrameworksBuildPhase section */
		927CBB682366FCE400305F76 /* Frameworks */ = {
			isa = PBXFrameworksBuildPhase;
			buildActionMask = 2147483647;
			files = (
				FF24DAAC85856C06DE029BB6 /* Pods_TaxiNotes.framework in Frameworks */,
			);
			runOnlyForDeploymentPostprocessing = 0;
		};
		927CBB7E2366FCE700305F76 /* Frameworks */ = {
			isa = PBXFrameworksBuildPhase;
			buildActionMask = 2147483647;
			files = (
				A2F3B6C023D17F2583D84464 /* Pods_TaxiNotesTests.framework in Frameworks */,
			);
			runOnlyForDeploymentPostprocessing = 0;
		};
		927CBB892366FCE700305F76 /* Frameworks */ = {
			isa = PBXFrameworksBuildPhase;
			buildActionMask = 2147483647;
			files = (
				0BE43DF4971D2AD91E33772A /* Pods_TaxiNotes_TaxiNotesUITests.framework in Frameworks */,
			);
			runOnlyForDeploymentPostprocessing = 0;
		};
/* End PBXFrameworksBuildPhase section */

/* Begin PBXGroup section */
		895AC3D2DA78EB7134540AC2 /* Frameworks */ = {
			isa = PBXGroup;
			children = (
				16F745238F968AC5EC76E35D /* Pods_TaxiNotes.framework */,
				42AA8069638142A572953C2A /* Pods_TaxiNotes_TaxiNotesUITests.framework */,
				7E470828B95B0667D7764E6F /* Pods_TaxiNotesTests.framework */,
			);
			name = Frameworks;
			sourceTree = "<group>";
		};
		922D7E29236F58510091B2AE /* ViewControllers */ = {
			isa = PBXGroup;
			children = (
				92AF0962236D7FE0003B99D8 /* SmenaViewController.swift */,
				925C712E236F4C3600D82923 /* RashodViewController.swift */,
				925C7130236F4C6C00D82923 /* ReportViewController.swift */,
				925C7132236F4D4800D82923 /* SettingsViewController.swift */,
				927CBB9E2366FD4300305F76 /* AccountCollectionController.swift */,
			);
			path = ViewControllers;
			sourceTree = "<group>";
		};
		922D7E2A236F591B0091B2AE /* CustomCell */ = {
			isa = PBXGroup;
			children = (
				927CBBA02366FD8B00305F76 /* AccountCollectionCell.swift */,
				9254046D236F5A8A00E183E3 /* RashodViewCell.swift */,
			);
			path = CustomCell;
			sourceTree = "<group>";
		};
		927CBB622366FCE400305F76 = {
			isa = PBXGroup;
			children = (
				927CBB6D2366FCE400305F76 /* TaxiNotes */,
				927CBB842366FCE700305F76 /* TaxiNotesTests */,
				927CBB8F2366FCE700305F76 /* TaxiNotesUITests */,
				927CBB6C2366FCE400305F76 /* Products */,
				C3A8D4D4036AB7652561FB71 /* Pods */,
				895AC3D2DA78EB7134540AC2 /* Frameworks */,
			);
			sourceTree = "<group>";
		};
		927CBB6C2366FCE400305F76 /* Products */ = {
			isa = PBXGroup;
			children = (
				927CBB6B2366FCE400305F76 /* TaxiNotes.app */,
				927CBB812366FCE700305F76 /* TaxiNotesTests.xctest */,
				927CBB8C2366FCE700305F76 /* TaxiNotesUITests.xctest */,
			);
			name = Products;
			sourceTree = "<group>";
		};
		927CBB6D2366FCE400305F76 /* TaxiNotes */ = {
			isa = PBXGroup;
			children = (
				922D7E29236F58510091B2AE /* ViewControllers */,
				9262FDCF23681E26008D5D40 /* SceneDelegate.swift */,
				927CBBE223670CF000305F76 /* GlobalVariables.swift */,
				9262FDCD2367FC85008D5D40 /* StorageManager.swift */,
				92B9E22D2367F92700F4462F /* DBModel.swift */,
				927CBB6E2366FCE400305F76 /* AppDelegate.swift */,
				927CBBE023670C8B00305F76 /* MainViewController.swift */,
				922D7E2A236F591B0091B2AE /* CustomCell */,
				927CBB742366FCE400305F76 /* Main.storyboard */,
				927CBB772366FCE600305F76 /* Assets.xcassets */,
				927CBB792366FCE600305F76 /* LaunchScreen.storyboard */,
				927CBB7C2366FCE600305F76 /* Info.plist */,
			);
			path = TaxiNotes;
			sourceTree = "<group>";
		};
		927CBB842366FCE700305F76 /* TaxiNotesTests */ = {
			isa = PBXGroup;
			children = (
				927CBB852366FCE700305F76 /* TaxiNotesTests.swift */,
				927CBB872366FCE700305F76 /* Info.plist */,
			);
			path = TaxiNotesTests;
			sourceTree = "<group>";
		};
		927CBB8F2366FCE700305F76 /* TaxiNotesUITests */ = {
			isa = PBXGroup;
			children = (
				927CBB902366FCE700305F76 /* TaxiNotesUITests.swift */,
				927CBB922366FCE700305F76 /* Info.plist */,
			);
			path = TaxiNotesUITests;
			sourceTree = "<group>";
		};
		C3A8D4D4036AB7652561FB71 /* Pods */ = {
			isa = PBXGroup;
			children = (
				3BE2B2DF7E90764F1D331A6F /* Pods-TaxiNotes.debug.xcconfig */,
				876A7AF13DE23BC1501EDC9E /* Pods-TaxiNotes.release.xcconfig */,
				64530FCBA477165C5683930B /* Pods-TaxiNotes-TaxiNotesUITests.debug.xcconfig */,
				C30B6677E28FDAC5F9BEF1EA /* Pods-TaxiNotes-TaxiNotesUITests.release.xcconfig */,
				3888379496BB5FC53FB9D4CB /* Pods-TaxiNotesTests.debug.xcconfig */,
				425C882008222B3E41E47CE3 /* Pods-TaxiNotesTests.release.xcconfig */,
			);
			path = Pods;
			sourceTree = "<group>";
		};
/* End PBXGroup section */

/* Begin PBXNativeTarget section */
		927CBB6A2366FCE400305F76 /* TaxiNotes */ = {
			isa = PBXNativeTarget;
			buildConfigurationList = 927CBB952366FCE700305F76 /* Build configuration list for PBXNativeTarget "TaxiNotes" */;
			buildPhases = (
				179251F4C848EBFA09347B9C /* [CP] Check Pods Manifest.lock */,
				927CBB672366FCE400305F76 /* Sources */,
				927CBB682366FCE400305F76 /* Frameworks */,
				927CBB692366FCE400305F76 /* Resources */,
				B31B9D8036D75A7B851554B0 /* [CP] Embed Pods Frameworks */,
			);
			buildRules = (
			);
			dependencies = (
			);
			name = TaxiNotes;
			productName = TaxiNotes;
			productReference = 927CBB6B2366FCE400305F76 /* TaxiNotes.app */;
			productType = "com.apple.product-type.application";
		};
		927CBB802366FCE700305F76 /* TaxiNotesTests */ = {
			isa = PBXNativeTarget;
			buildConfigurationList = 927CBB982366FCE700305F76 /* Build configuration list for PBXNativeTarget "TaxiNotesTests" */;
			buildPhases = (
				408F7EEBB82FDBCDDA8242E9 /* [CP] Check Pods Manifest.lock */,
				927CBB7D2366FCE700305F76 /* Sources */,
				927CBB7E2366FCE700305F76 /* Frameworks */,
				927CBB7F2366FCE700305F76 /* Resources */,
			);
			buildRules = (
			);
			dependencies = (
				927CBB832366FCE700305F76 /* PBXTargetDependency */,
			);
			name = TaxiNotesTests;
			productName = TaxiNotesTests;
			productReference = 927CBB812366FCE700305F76 /* TaxiNotesTests.xctest */;
			productType = "com.apple.product-type.bundle.unit-test";
		};
		927CBB8B2366FCE700305F76 /* TaxiNotesUITests */ = {
			isa = PBXNativeTarget;
			buildConfigurationList = 927CBB9B2366FCE700305F76 /* Build configuration list for PBXNativeTarget "TaxiNotesUITests" */;
			buildPhases = (
				6833D3145ADBE88ED3655C2B /* [CP] Check Pods Manifest.lock */,
				927CBB882366FCE700305F76 /* Sources */,
				927CBB892366FCE700305F76 /* Frameworks */,
				927CBB8A2366FCE700305F76 /* Resources */,
				3456C0688BCBDCDBC6E7DAC1 /* [CP] Embed Pods Frameworks */,
			);
			buildRules = (
			);
			dependencies = (
				927CBB8E2366FCE700305F76 /* PBXTargetDependency */,
			);
			name = TaxiNotesUITests;
			productName = TaxiNotesUITests;
			productReference = 927CBB8C2366FCE700305F76 /* TaxiNotesUITests.xctest */;
			productType = "com.apple.product-type.bundle.ui-testing";
		};
/* End PBXNativeTarget section */

/* Begin PBXProject section */
		927CBB632366FCE400305F76 /* Project object */ = {
			isa = PBXProject;
			attributes = {
				LastSwiftUpdateCheck = 1110;
				LastUpgradeCheck = 1110;
				ORGANIZATIONNAME = "Денис Винокуров";
				TargetAttributes = {
					927CBB6A2366FCE400305F76 = {
						CreatedOnToolsVersion = 11.1;
					};
					927CBB802366FCE700305F76 = {
						CreatedOnToolsVersion = 11.1;
						TestTargetID = 927CBB6A2366FCE400305F76;
					};
					927CBB8B2366FCE700305F76 = {
						CreatedOnToolsVersion = 11.1;
						TestTargetID = 927CBB6A2366FCE400305F76;
					};
				};
			};
			buildConfigurationList = 927CBB662366FCE400305F76 /* Build configuration list for PBXProject "TaxiNotes" */;
			compatibilityVersion = "Xcode 9.3";
			developmentRegion = en;
			hasScannedForEncodings = 0;
			knownRegions = (
				en,
				Base,
			);
			mainGroup = 927CBB622366FCE400305F76;
			productRefGroup = 927CBB6C2366FCE400305F76 /* Products */;
			projectDirPath = "";
			projectRoot = "";
			targets = (
				927CBB6A2366FCE400305F76 /* TaxiNotes */,
				927CBB802366FCE700305F76 /* TaxiNotesTests */,
				927CBB8B2366FCE700305F76 /* TaxiNotesUITests */,
			);
		};
/* End PBXProject section */

/* Begin PBXResourcesBuildPhase section */
		927CBB692366FCE400305F76 /* Resources */ = {
			isa = PBXResourcesBuildPhase;
			buildActionMask = 2147483647;
			files = (
				927CBB7B2366FCE600305F76 /* LaunchScreen.storyboard in Resources */,
				927CBB782366FCE600305F76 /* Assets.xcassets in Resources */,
				927CBB762366FCE400305F76 /* Main.storyboard in Resources */,
			);
			runOnlyForDeploymentPostprocessing = 0;
		};
		927CBB7F2366FCE700305F76 /* Resources */ = {
			isa = PBXResourcesBuildPhase;
			buildActionMask = 2147483647;
			files = (
			);
			runOnlyForDeploymentPostprocessing = 0;
		};
		927CBB8A2366FCE700305F76 /* Resources */ = {
			isa = PBXResourcesBuildPhase;
			buildActionMask = 2147483647;
			files = (
			);
			runOnlyForDeploymentPostprocessing = 0;
		};
/* End PBXResourcesBuildPhase section */

/* Begin PBXShellScriptBuildPhase section */
		179251F4C848EBFA09347B9C /* [CP] Check Pods Manifest.lock */ = {
			isa = PBXShellScriptBuildPhase;
			buildActionMask = 2147483647;
			files = (
			);
			inputFileListPaths = (
			);
			inputPaths = (
				"${PODS_PODFILE_DIR_PATH}/Podfile.lock",
				"${PODS_ROOT}/Manifest.lock",
			);
			name = "[CP] Check Pods Manifest.lock";
			outputFileListPaths = (
			);
			outputPaths = (
				"$(DERIVED_FILE_DIR)/Pods-TaxiNotes-checkManifestLockResult.txt",
			);
			runOnlyForDeploymentPostprocessing = 0;
			shellPath = /bin/sh;
			shellScript = "diff \"${PODS_PODFILE_DIR_PATH}/Podfile.lock\" \"${PODS_ROOT}/Manifest.lock\" > /dev/null\nif [ $? != 0 ] ; then\n    # print error to STDERR\n    echo \"error: The sandbox is not in sync with the Podfile.lock. Run 'pod install' or update your CocoaPods installation.\" >&2\n    exit 1\nfi\n# This output is used by Xcode 'outputs' to avoid re-running this script phase.\necho \"SUCCESS\" > \"${SCRIPT_OUTPUT_FILE_0}\"\n";
			showEnvVarsInLog = 0;
		};
		3456C0688BCBDCDBC6E7DAC1 /* [CP] Embed Pods Frameworks */ = {
			isa = PBXShellScriptBuildPhase;
			buildActionMask = 2147483647;
			files = (
			);
			inputFileListPaths = (
				"${PODS_ROOT}/Target Support Files/Pods-TaxiNotes-TaxiNotesUITests/Pods-TaxiNotes-TaxiNotesUITests-frameworks-${CONFIGURATION}-input-files.xcfilelist",
			);
			name = "[CP] Embed Pods Frameworks";
			outputFileListPaths = (
				"${PODS_ROOT}/Target Support Files/Pods-TaxiNotes-TaxiNotesUITests/Pods-TaxiNotes-TaxiNotesUITests-frameworks-${CONFIGURATION}-output-files.xcfilelist",
			);
			runOnlyForDeploymentPostprocessing = 0;
			shellPath = /bin/sh;
			shellScript = "\"${PODS_ROOT}/Target Support Files/Pods-TaxiNotes-TaxiNotesUITests/Pods-TaxiNotes-TaxiNotesUITests-frameworks.sh\"\n";
			showEnvVarsInLog = 0;
		};
		408F7EEBB82FDBCDDA8242E9 /* [CP] Check Pods Manifest.lock */ = {
			isa = PBXShellScriptBuildPhase;
			buildActionMask = 2147483647;
			files = (
			);
			inputFileListPaths = (
			);
			inputPaths = (
				"${PODS_PODFILE_DIR_PATH}/Podfile.lock",
				"${PODS_ROOT}/Manifest.lock",
			);
			name = "[CP] Check Pods Manifest.lock";
			outputFileListPaths = (
			);
			outputPaths = (
				"$(DERIVED_FILE_DIR)/Pods-TaxiNotesTests-checkManifestLockResult.txt",
			);
			runOnlyForDeploymentPostprocessing = 0;
			shellPath = /bin/sh;
			shellScript = "diff \"${PODS_PODFILE_DIR_PATH}/Podfile.lock\" \"${PODS_ROOT}/Manifest.lock\" > /dev/null\nif [ $? != 0 ] ; then\n    # print error to STDERR\n    echo \"error: The sandbox is not in sync with the Podfile.lock. Run 'pod install' or update your CocoaPods installation.\" >&2\n    exit 1\nfi\n# This output is used by Xcode 'outputs' to avoid re-running this script phase.\necho \"SUCCESS\" > \"${SCRIPT_OUTPUT_FILE_0}\"\n";
			showEnvVarsInLog = 0;
		};
		6833D3145ADBE88ED3655C2B /* [CP] Check Pods Manifest.lock */ = {
			isa = PBXShellScriptBuildPhase;
			buildActionMask = 2147483647;
			files = (
			);
			inputFileListPaths = (
			);
			inputPaths = (
				"${PODS_PODFILE_DIR_PATH}/Podfile.lock",
				"${PODS_ROOT}/Manifest.lock",
			);
			name = "[CP] Check Pods Manifest.lock";
			outputFileListPaths = (
			);
			outputPaths = (
				"$(DERIVED_FILE_DIR)/Pods-TaxiNotes-TaxiNotesUITests-checkManifestLockResult.txt",
			);
			runOnlyForDeploymentPostprocessing = 0;
			shellPath = /bin/sh;
			shellScript = "diff \"${PODS_PODFILE_DIR_PATH}/Podfile.lock\" \"${PODS_ROOT}/Manifest.lock\" > /dev/null\nif [ $? != 0 ] ; then\n    # print error to STDERR\n    echo \"error: The sandbox is not in sync with the Podfile.lock. Run 'pod install' or update your CocoaPods installation.\" >&2\n    exit 1\nfi\n# This output is used by Xcode 'outputs' to avoid re-running this script phase.\necho \"SUCCESS\" > \"${SCRIPT_OUTPUT_FILE_0}\"\n";
			showEnvVarsInLog = 0;
		};
		B31B9D8036D75A7B851554B0 /* [CP] Embed Pods Frameworks */ = {
			isa = PBXShellScriptBuildPhase;
			buildActionMask = 2147483647;
			files = (
			);
			inputFileListPaths = (
				"${PODS_ROOT}/Target Support Files/Pods-TaxiNotes/Pods-TaxiNotes-frameworks-${CONFIGURATION}-input-files.xcfilelist",
			);
			name = "[CP] Embed Pods Frameworks";
			outputFileListPaths = (
				"${PODS_ROOT}/Target Support Files/Pods-TaxiNotes/Pods-TaxiNotes-frameworks-${CONFIGURATION}-output-files.xcfilelist",
			);
			runOnlyForDeploymentPostprocessing = 0;
			shellPath = /bin/sh;
			shellScript = "\"${PODS_ROOT}/Target Support Files/Pods-TaxiNotes/Pods-TaxiNotes-frameworks.sh\"\n";
			showEnvVarsInLog = 0;
		};
/* End PBXShellScriptBuildPhase section */

/* Begin PBXSourcesBuildPhase section */
		927CBB672366FCE400305F76 /* Sources */ = {
			isa = PBXSourcesBuildPhase;
			buildActionMask = 2147483647;
			files = (
				927CBBE323670CF000305F76 /* GlobalVariables.swift in Sources */,
				925C712F236F4C3600D82923 /* RashodViewController.swift in Sources */,
				92B9E22E2367F92700F4462F /* DBModel.swift in Sources */,
				9254046E236F5A8A00E183E3 /* RashodViewCell.swift in Sources */,
				927CBB6F2366FCE400305F76 /* AppDelegate.swift in Sources */,
				925C7131236F4C6C00D82923 /* ReportViewController.swift in Sources */,
				9262FDCE2367FC85008D5D40 /* StorageManager.swift in Sources */,
				92AF0963236D7FE0003B99D8 /* SmenaViewController.swift in Sources */,
				927CBB9F2366FD4300305F76 /* AccountCollectionController.swift in Sources */,
				927CBBA12366FD8B00305F76 /* AccountCollectionCell.swift in Sources */,
				927CBBE123670C8B00305F76 /* MainViewController.swift in Sources */,
				9262FDD023681E26008D5D40 /* SceneDelegate.swift in Sources */,
				925C7133236F4D4800D82923 /* SettingsViewController.swift in Sources */,
			);
			runOnlyForDeploymentPostprocessing = 0;
		};
		927CBB7D2366FCE700305F76 /* Sources */ = {
			isa = PBXSourcesBuildPhase;
			buildActionMask = 2147483647;
			files = (
				927CBB862366FCE700305F76 /* TaxiNotesTests.swift in Sources */,
			);
			runOnlyForDeploymentPostprocessing = 0;
		};
		927CBB882366FCE700305F76 /* Sources */ = {
			isa = PBXSourcesBuildPhase;
			buildActionMask = 2147483647;
			files = (
				927CBB912366FCE700305F76 /* TaxiNotesUITests.swift in Sources */,
			);
			runOnlyForDeploymentPostprocessing = 0;
		};
/* End PBXSourcesBuildPhase section */

/* Begin PBXTargetDependency section */
		927CBB832366FCE700305F76 /* PBXTargetDependency */ = {
			isa = PBXTargetDependency;
			target = 927CBB6A2366FCE400305F76 /* TaxiNotes */;
			targetProxy = 927CBB822366FCE700305F76 /* PBXContainerItemProxy */;
		};
		927CBB8E2366FCE700305F76 /* PBXTargetDependency */ = {
			isa = PBXTargetDependency;
			target = 927CBB6A2366FCE400305F76 /* TaxiNotes */;
			targetProxy = 927CBB8D2366FCE700305F76 /* PBXContainerItemProxy */;
		};
/* End PBXTargetDependency section */

/* Begin PBXVariantGroup section */
		927CBB742366FCE400305F76 /* Main.storyboard */ = {
			isa = PBXVariantGroup;
			children = (
				927CBB752366FCE400305F76 /* Base */,
			);
			name = Main.storyboard;
			sourceTree = "<group>";
		};
		927CBB792366FCE600305F76 /* LaunchScreen.storyboard */ = {
			isa = PBXVariantGroup;
			children = (
				927CBB7A2366FCE600305F76 /* Base */,
			);
			name = LaunchScreen.storyboard;
			sourceTree = "<group>";
		};
/* End PBXVariantGroup section */

/* Begin XCBuildConfiguration section */
		927CBB932366FCE700305F76 /* Debug */ = {
			isa = XCBuildConfiguration;
			buildSettings = {
				ALWAYS_SEARCH_USER_PATHS = NO;
				CLANG_ANALYZER_NONNULL = YES;
				CLANG_ANALYZER_NUMBER_OBJECT_CONVERSION = YES_AGGRESSIVE;
				CLANG_CXX_LANGUAGE_STANDARD = "gnu++14";
				CLANG_CXX_LIBRARY = "libc++";
				CLANG_ENABLE_MODULES = YES;
				CLANG_ENABLE_OBJC_ARC = YES;
				CLANG_ENABLE_OBJC_WEAK = YES;
				CLANG_WARN_BLOCK_CAPTURE_AUTORELEASING = YES;
				CLANG_WARN_BOOL_CONVERSION = YES;
				CLANG_WARN_COMMA = YES;
				CLANG_WARN_CONSTANT_CONVERSION = YES;
				CLANG_WARN_DEPRECATED_OBJC_IMPLEMENTATIONS = YES;
				CLANG_WARN_DIRECT_OBJC_ISA_USAGE = YES_ERROR;
				CLANG_WARN_DOCUMENTATION_COMMENTS = YES;
				CLANG_WARN_EMPTY_BODY = YES;
				CLANG_WARN_ENUM_CONVERSION = YES;
				CLANG_WARN_INFINITE_RECURSION = YES;
				CLANG_WARN_INT_CONVERSION = YES;
				CLANG_WARN_NON_LITERAL_NULL_CONVERSION = YES;
				CLANG_WARN_OBJC_IMPLICIT_RETAIN_SELF = YES;
				CLANG_WARN_OBJC_LITERAL_CONVERSION = YES;
				CLANG_WARN_OBJC_ROOT_CLASS = YES_ERROR;
				CLANG_WARN_RANGE_LOOP_ANALYSIS = YES;
				CLANG_WARN_STRICT_PROTOTYPES = YES;
				CLANG_WARN_SUSPICIOUS_MOVE = YES;
				CLANG_WARN_UNGUARDED_AVAILABILITY = YES_AGGRESSIVE;
				CLANG_WARN_UNREACHABLE_CODE = YES;
				CLANG_WARN__DUPLICATE_METHOD_MATCH = YES;
				COPY_PHASE_STRIP = NO;
				DEBUG_INFORMATION_FORMAT = dwarf;
				ENABLE_STRICT_OBJC_MSGSEND = YES;
				ENABLE_TESTABILITY = YES;
				GCC_C_LANGUAGE_STANDARD = gnu11;
				GCC_DYNAMIC_NO_PIC = NO;
				GCC_NO_COMMON_BLOCKS = YES;
				GCC_OPTIMIZATION_LEVEL = 0;
				GCC_PREPROCESSOR_DEFINITIONS = (
					"DEBUG=1",
					"$(inherited)",
				);
				GCC_WARN_64_TO_32_BIT_CONVERSION = YES;
				GCC_WARN_ABOUT_RETURN_TYPE = YES_ERROR;
				GCC_WARN_UNDECLARED_SELECTOR = YES;
				GCC_WARN_UNINITIALIZED_AUTOS = YES_AGGRESSIVE;
				GCC_WARN_UNUSED_FUNCTION = YES;
				GCC_WARN_UNUSED_VARIABLE = YES;
				IPHONEOS_DEPLOYMENT_TARGET = 13.1;
				MTL_ENABLE_DEBUG_INFO = INCLUDE_SOURCE;
				MTL_FAST_MATH = YES;
				ONLY_ACTIVE_ARCH = YES;
				SDKROOT = iphoneos;
				SWIFT_ACTIVE_COMPILATION_CONDITIONS = DEBUG;
				SWIFT_OPTIMIZATION_LEVEL = "-Onone";
			};
			name = Debug;
		};
		927CBB942366FCE700305F76 /* Release */ = {
			isa = XCBuildConfiguration;
			buildSettings = {
				ALWAYS_SEARCH_USER_PATHS = NO;
				CLANG_ANALYZER_NONNULL = YES;
				CLANG_ANALYZER_NUMBER_OBJECT_CONVERSION = YES_AGGRESSIVE;
				CLANG_CXX_LANGUAGE_STANDARD = "gnu++14";
				CLANG_CXX_LIBRARY = "libc++";
				CLANG_ENABLE_MODULES = YES;
				CLANG_ENABLE_OBJC_ARC = YES;
				CLANG_ENABLE_OBJC_WEAK = YES;
				CLANG_WARN_BLOCK_CAPTURE_AUTORELEASING = YES;
				CLANG_WARN_BOOL_CONVERSION = YES;
				CLANG_WARN_COMMA = YES;
				CLANG_WARN_CONSTANT_CONVERSION = YES;
				CLANG_WARN_DEPRECATED_OBJC_IMPLEMENTATIONS = YES;
				CLANG_WARN_DIRECT_OBJC_ISA_USAGE = YES_ERROR;
				CLANG_WARN_DOCUMENTATION_COMMENTS = YES;
				CLANG_WARN_EMPTY_BODY = YES;
				CLANG_WARN_ENUM_CONVERSION = YES;
				CLANG_WARN_INFINITE_RECURSION = YES;
				CLANG_WARN_INT_CONVERSION = YES;
				CLANG_WARN_NON_LITERAL_NULL_CONVERSION = YES;
				CLANG_WARN_OBJC_IMPLICIT_RETAIN_SELF = YES;
				CLANG_WARN_OBJC_LITERAL_CONVERSION = YES;
				CLANG_WARN_OBJC_ROOT_CLASS = YES_ERROR;
				CLANG_WARN_RANGE_LOOP_ANALYSIS = YES;
				CLANG_WARN_STRICT_PROTOTYPES = YES;
				CLANG_WARN_SUSPICIOUS_MOVE = YES;
				CLANG_WARN_UNGUARDED_AVAILABILITY = YES_AGGRESSIVE;
				CLANG_WARN_UNREACHABLE_CODE = YES;
				CLANG_WARN__DUPLICATE_METHOD_MATCH = YES;
				COPY_PHASE_STRIP = NO;
				DEBUG_INFORMATION_FORMAT = "dwarf-with-dsym";
				ENABLE_NS_ASSERTIONS = NO;
				ENABLE_STRICT_OBJC_MSGSEND = YES;
				GCC_C_LANGUAGE_STANDARD = gnu11;
				GCC_NO_COMMON_BLOCKS = YES;
				GCC_WARN_64_TO_32_BIT_CONVERSION = YES;
				GCC_WARN_ABOUT_RETURN_TYPE = YES_ERROR;
				GCC_WARN_UNDECLARED_SELECTOR = YES;
				GCC_WARN_UNINITIALIZED_AUTOS = YES_AGGRESSIVE;
				GCC_WARN_UNUSED_FUNCTION = YES;
				GCC_WARN_UNUSED_VARIABLE = YES;
				IPHONEOS_DEPLOYMENT_TARGET = 13.1;
				MTL_ENABLE_DEBUG_INFO = NO;
				MTL_FAST_MATH = YES;
				SDKROOT = iphoneos;
				SWIFT_COMPILATION_MODE = wholemodule;
				SWIFT_OPTIMIZATION_LEVEL = "-O";
				VALIDATE_PRODUCT = YES;
			};
			name = Release;
		};
		927CBB962366FCE700305F76 /* Debug */ = {
			isa = XCBuildConfiguration;
			baseConfigurationReference = 3BE2B2DF7E90764F1D331A6F /* Pods-TaxiNotes.debug.xcconfig */;
			buildSettings = {
				ASSETCATALOG_COMPILER_APPICON_NAME = AppIcon;
				CODE_SIGN_STYLE = Automatic;
				DEVELOPMENT_TEAM = AWN3QD4X7Y;
				INFOPLIST_FILE = TaxiNotes/Info.plist;
				LD_RUNPATH_SEARCH_PATHS = (
					"$(inherited)",
					"@executable_path/Frameworks",
				);
				PRODUCT_BUNDLE_IDENTIFIER = denis.TaxiNotes;
				PRODUCT_NAME = "$(TARGET_NAME)";
				SWIFT_VERSION = 5.0;
				TARGETED_DEVICE_FAMILY = "1,2";
			};
			name = Debug;
		};
		927CBB972366FCE700305F76 /* Release */ = {
			isa = XCBuildConfiguration;
			baseConfigurationReference = 876A7AF13DE23BC1501EDC9E /* Pods-TaxiNotes.release.xcconfig */;
			buildSettings = {
				ASSETCATALOG_COMPILER_APPICON_NAME = AppIcon;
				CODE_SIGN_STYLE = Automatic;
				DEVELOPMENT_TEAM = AWN3QD4X7Y;
				INFOPLIST_FILE = TaxiNotes/Info.plist;
				LD_RUNPATH_SEARCH_PATHS = (
					"$(inherited)",
					"@executable_path/Frameworks",
				);
				PRODUCT_BUNDLE_IDENTIFIER = denis.TaxiNotes;
				PRODUCT_NAME = "$(TARGET_NAME)";
				SWIFT_VERSION = 5.0;
				TARGETED_DEVICE_FAMILY = "1,2";
			};
			name = Release;
		};
		927CBB992366FCE700305F76 /* Debug */ = {
			isa = XCBuildConfiguration;
			baseConfigurationReference = 3888379496BB5FC53FB9D4CB /* Pods-TaxiNotesTests.debug.xcconfig */;
			buildSettings = {
				ALWAYS_EMBED_SWIFT_STANDARD_LIBRARIES = YES;
				BUNDLE_LOADER = "$(TEST_HOST)";
				CODE_SIGN_STYLE = Automatic;
				INFOPLIST_FILE = TaxiNotesTests/Info.plist;
				IPHONEOS_DEPLOYMENT_TARGET = 13.1;
				LD_RUNPATH_SEARCH_PATHS = (
					"$(inherited)",
					"@executable_path/Frameworks",
					"@loader_path/Frameworks",
				);
				PRODUCT_BUNDLE_IDENTIFIER = denis.TaxiNotesTests;
				PRODUCT_NAME = "$(TARGET_NAME)";
				SWIFT_VERSION = 5.0;
				TARGETED_DEVICE_FAMILY = "1,2";
				TEST_HOST = "$(BUILT_PRODUCTS_DIR)/TaxiNotes.app/TaxiNotes";
			};
			name = Debug;
		};
		927CBB9A2366FCE700305F76 /* Release */ = {
			isa = XCBuildConfiguration;
			baseConfigurationReference = 425C882008222B3E41E47CE3 /* Pods-TaxiNotesTests.release.xcconfig */;
			buildSettings = {
				ALWAYS_EMBED_SWIFT_STANDARD_LIBRARIES = YES;
				BUNDLE_LOADER = "$(TEST_HOST)";
				CODE_SIGN_STYLE = Automatic;
				INFOPLIST_FILE = TaxiNotesTests/Info.plist;
				IPHONEOS_DEPLOYMENT_TARGET = 13.1;
				LD_RUNPATH_SEARCH_PATHS = (
					"$(inherited)",
					"@executable_path/Frameworks",
					"@loader_path/Frameworks",
				);
				PRODUCT_BUNDLE_IDENTIFIER = denis.TaxiNotesTests;
				PRODUCT_NAME = "$(TARGET_NAME)";
				SWIFT_VERSION = 5.0;
				TARGETED_DEVICE_FAMILY = "1,2";
				TEST_HOST = "$(BUILT_PRODUCTS_DIR)/TaxiNotes.app/TaxiNotes";
			};
			name = Release;
		};
		927CBB9C2366FCE700305F76 /* Debug */ = {
			isa = XCBuildConfiguration;
			baseConfigurationReference = 64530FCBA477165C5683930B /* Pods-TaxiNotes-TaxiNotesUITests.debug.xcconfig */;
			buildSettings = {
				ALWAYS_EMBED_SWIFT_STANDARD_LIBRARIES = YES;
				CODE_SIGN_STYLE = Automatic;
				INFOPLIST_FILE = TaxiNotesUITests/Info.plist;
				LD_RUNPATH_SEARCH_PATHS = (
					"$(inherited)",
					"@executable_path/Frameworks",
					"@loader_path/Frameworks",
				);
				PRODUCT_BUNDLE_IDENTIFIER = denis.TaxiNotesUITests;
				PRODUCT_NAME = "$(TARGET_NAME)";
				SWIFT_VERSION = 5.0;
				TARGETED_DEVICE_FAMILY = "1,2";
				TEST_TARGET_NAME = TaxiNotes;
			};
			name = Debug;
		};
		927CBB9D2366FCE700305F76 /* Release */ = {
			isa = XCBuildConfiguration;
			baseConfigurationReference = C30B6677E28FDAC5F9BEF1EA /* Pods-TaxiNotes-TaxiNotesUITests.release.xcconfig */;
			buildSettings = {
				ALWAYS_EMBED_SWIFT_STANDARD_LIBRARIES = YES;
				CODE_SIGN_STYLE = Automatic;
				INFOPLIST_FILE = TaxiNotesUITests/Info.plist;
				LD_RUNPATH_SEARCH_PATHS = (
					"$(inherited)",
					"@executable_path/Frameworks",
					"@loader_path/Frameworks",
				);
				PRODUCT_BUNDLE_IDENTIFIER = denis.TaxiNotesUITests;
				PRODUCT_NAME = "$(TARGET_NAME)";
				SWIFT_VERSION = 5.0;
				TARGETED_DEVICE_FAMILY = "1,2";
				TEST_TARGET_NAME = TaxiNotes;
			};
			name = Release;
		};
/* End XCBuildConfiguration section */

/* Begin XCConfigurationList section */
		927CBB662366FCE400305F76 /* Build configuration list for PBXProject "TaxiNotes" */ = {
			isa = XCConfigurationList;
			buildConfigurations = (
				927CBB932366FCE700305F76 /* Debug */,
				927CBB942366FCE700305F76 /* Release */,
			);
			defaultConfigurationIsVisible = 0;
			defaultConfigurationName = Release;
		};
		927CBB952366FCE700305F76 /* Build configuration list for PBXNativeTarget "TaxiNotes" */ = {
			isa = XCConfigurationList;
			buildConfigurations = (
				927CBB962366FCE700305F76 /* Debug */,
				927CBB972366FCE700305F76 /* Release */,
			);
			defaultConfigurationIsVisible = 0;
			defaultConfigurationName = Release;
		};
		927CBB982366FCE700305F76 /* Build configuration list for PBXNativeTarget "TaxiNotesTests" */ = {
			isa = XCConfigurationList;
			buildConfigurations = (
				927CBB992366FCE700305F76 /* Debug */,
				927CBB9A2366FCE700305F76 /* Release */,
			);
			defaultConfigurationIsVisible = 0;
			defaultConfigurationName = Release;
		};
		927CBB9B2366FCE700305F76 /* Build configuration list for PBXNativeTarget "TaxiNotesUITests" */ = {
			isa = XCConfigurationList;
			buildConfigurations = (
				927CBB9C2366FCE700305F76 /* Debug */,
				927CBB9D2366FCE700305F76 /* Release */,
			);
			defaultConfigurationIsVisible = 0;
			defaultConfigurationName = Release;
		};
/* End XCConfigurationList section */
	};
	rootObject = 927CBB632366FCE400305F76 /* Project object */;
}
